
Microsoft Visual Studio Solution File, Format Version 12.00
# Visual Studio Version 16
VisualStudioVersion = 16.0.30717.126
MinimumVisualStudioVersion = 10.0.40219.1
Project("{2150E333-8FDC-42A3-9474-1A3956D46DE8}") = "Sym.Medicos.Core.Domain", "Sym.Medicos.Core.Domain", "{41B383D1-6058-411F-9C13-1FD4FF223D4A}"
EndProject
Project("{2150E333-8FDC-42A3-9474-1A3956D46DE8}") = "Sym.Medicos.Core.Repository", "Sym.Medicos.Core.Repository", "{27F97BF2-1934-42BD-AA8D-7CA8B754C101}"
EndProject
Project("{2150E333-8FDC-42A3-9474-1A3956D46DE8}") = "Sym.Medicos.Core.WebAPI", "Sym.Medicos.Core.WebAPI", "{06B01E40-3535-4870-A3FA-461D6397FFB9}"
EndProject
Global
	GlobalSection(SolutionProperties) = preSolution
		HideSolutionNode = FALSE
	EndGlobalSection
	GlobalSection(ExtensibilityGlobals) = postSolution
		SolutionGuid = {6B805076-91F1-453F-BF57-E20A79ADDDCD}
	EndGlobalSection
EndGlobal
